{
  "name": "Craft-Genius",
  "lockfileVersion": 2,
  "requires": true,
  "packages": {
    "": {
      "dependencies": {
        "@dsojevic/profanity-list": "^1.0.0",
        "minecraft-textures": "^1.21.11"
      }
    },
    "node_modules/@dsojevic/profanity-list": {
      "version": "1.0.0",
      "resolved": "https://registry.npmjs.org/@dsojevic/profanity-list/-/profanity-list-1.0.0.tgz",
      "integrity": "sha512-3HxqpC2mCss1/t+PohaZBs4sZ444HY7DTQzg+R11Oep9a6zAMgcxHYFrC/RNB2ROgmgFeiO0Jbeyq+L57RTnNw=="
    },
    "node_modules/minecraft-textures": {
      "version": "1.21.11",
      "resolved": "https://registry.npmjs.org/minecraft-textures/-/minecraft-textures-1.21.11.tgz",
      "integrity": "sha512-J/Rp/VHzlpbjdixOxasDYIMBDgyX61ipkwjVJDNJ0YuLlrW20uxITD3aycPE9TJ28CL9uFGWNWxh3+2Gp4UQhw=="
    }
  },
  "dependencies": {
    "@dsojevic/profanity-list": {
      "version": "1.0.0",
      "resolved": "https://registry.npmjs.org/@dsojevic/profanity-list/-/profanity-list-1.0.0.tgz",
      "integrity": "sha512-3HxqpC2mCss1/t+PohaZBs4sZ444HY7DTQzg+R11Oep9a6zAMgcxHYFrC/RNB2ROgmgFeiO0Jbeyq+L57RTnNw=="
    },
    "minecraft-textures": {
      "version": "1.21.11",
      "resolved": "https://registry.npmjs.org/minecraft-textures/-/minecraft-textures-1.21.11.tgz",
      "integrity": "sha512-J/Rp/VHzlpbjdixOxasDYIMBDgyX61ipkwjVJDNJ0YuLlrW20uxITD3aycPE9TJ28CL9uFGWNWxh3+2Gp4UQhw=="
    }
  }
}
